# THIS IS AN AUTOGENERATED FILE. DO NOT EDIT THIS FILE DIRECTLY.
# yarn lockfile v1


"@types/body-parser@*":
  version "1.16.8"
  resolved "https://registry.yarnpkg.com/@types/body-parser/-/body-parser-1.16.8.tgz#687ec34140624a3bec2b1a8ea9268478ae8f3be3"
  dependencies:
    "@types/express" "*"
    "@types/node" "*"

"@types/convert-source-map@^1.5.1":
  version "1.5.1"
  resolved "https://registry.yarnpkg.com/@types/convert-source-map/-/convert-source-map-1.5.1.tgz#d4d180dd6adc5cb68ad99bd56e03d637881f4616"

"@types/express-serve-static-core@*":
  version "4.0.57"
  resolved "https://registry.yarnpkg.com/@types/express-serve-static-core/-/express-serve-static-core-4.0.57.tgz#3cd8ab4b11d5ecd70393bada7fc1c480491537dd"
  dependencies:
    "@types/node" "*"

"@types/express@*", "@types/express@^4.0.39":
  version "4.0.39"
  resolved "https://registry.yarnpkg.com/@types/express/-/express-4.0.39.tgz#1441f21d52b33be8d4fa8a865c15a6a91cd0fa09"
  dependencies:
    "@types/body-parser" "*"
    "@types/express-serve-static-core" "*"
    "@types/serve-static" "*"

"@types/fs-extra@^4.0.5":
  version "4.0.5"
  resolved "https://registry.yarnpkg.com/@types/fs-extra/-/fs-extra-4.0.5.tgz#8aa6033c0e87c653b09a6711686916864b48ec9e"
  dependencies:
    "@types/node" "*"

"@types/mime@*":
  version "2.0.0"
  resolved "https://registry.yarnpkg.com/@types/mime/-/mime-2.0.0.tgz#5a7306e367c539b9f6543499de8dd519fac37a8b"

"@types/node@*":
  version "8.0.55"
  resolved "https://registry.yarnpkg.com/@types/node/-/node-8.0.55.tgz#015966c0af809216b8a46cc527b5c211994d36f0"

"@types/serve-static@*":
  version "1.13.1"
  resolved "https://registry.yarnpkg.com/@types/serve-static/-/serve-static-1.13.1.tgz#1d2801fa635d274cd97d4ec07e26b21b44127492"
  dependencies:
    "@types/express-serve-static-core" "*"
    "@types/mime" "*"

"@types/tmp@^0.0.33":
  version "0.0.33"
  resolved "https://registry.yarnpkg.com/@types/tmp/-/tmp-0.0.33.tgz#1073c4bc824754ae3d10cfab88ab0237ba964e4d"

convert-source-map@^1.5.1:
  version "1.5.1"
  resolved "https://registry.yarnpkg.com/convert-source-map/-/convert-source-map-1.5.1.tgz#b8278097b9bc229365de5c62cf5fcaed8b5599e5"

fs-extra@^4.0.2:
  version "4.0.3"
  resolved "https://registry.yarnpkg.com/fs-extra/-/fs-extra-4.0.3.tgz#0d852122e5bc5beb453fb028e9c0c9bf36340c94"
  dependencies:
    graceful-fs "^4.1.2"
    jsonfile "^4.0.0"
    universalify "^0.1.0"

graceful-fs@^4.1.2, graceful-fs@^4.1.6:
  version "4.1.11"
  resolved "https://registry.yarnpkg.com/graceful-fs/-/graceful-fs-4.1.11.tgz#0e8bdfe4d1ddb8854d64e04ea7c00e2a026e5658"

jsonfile@^4.0.0:
  version "4.0.0"
  resolved "https://registry.yarnpkg.com/jsonfile/-/jsonfile-4.0.0.tgz#8771aae0799b64076b76640fca058f9c10e33ecb"
  optionalDependencies:
    graceful-fs "^4.1.6"

os-tmpdir@~1.0.2:
  version "1.0.2"
  resolved "https://registry.yarnpkg.com/os-tmpdir/-/os-tmpdir-1.0.2.tgz#bbe67406c79aa85c5cfec766fe5734555dfa1274"

tmp@^0.0.33:
  version "0.0.33"
  resolved "https://registry.yarnpkg.com/tmp/-/tmp-0.0.33.tgz#6d34335889768d21b2bcda0aa277ced3b1bfadf9"
  dependencies:
    os-tmpdir "~1.0.2"

typescript@^2.6.1:
  version "2.6.2"
  resolved "https://registry.yarnpkg.com/typescript/-/typescript-2.6.2.tgz#3c5b6fd7f6de0914269027f03c0946758f7673a4"

universalify@^0.1.0:
  version "0.1.1"
  resolved "https://registry.yarnpkg.com/universalify/-/universalify-0.1.1.tgz#fa71badd4437af4c148841e3b3b165f9e9e590b7"
